{
  "version": 4,
  "terraform_version": "1.13.5",
  "serial": 5,
  "lineage": "ad6e2846-6537-1d4c-bd1d-3ecbde8a46b3",
  "outputs": {},
  "resources": [
    {
      "mode": "data",
      "type": "azurerm_client_config",
      "name": "current",
      "provider": "provider[\"registry.terraform.io/hashicorp/azurerm\"]",
      "instances": [
        {
          "schema_version": 0,
          "attributes": {
            "client_id": "7d69ea89-5b45-44d0-b48d-30ad61648b03",
            "id": "Y2xpZW50Q29uZmlncy9jbGllbnRJZD03ZDY5ZWE4OS01YjQ1LTQ0ZDAtYjQ4ZC0zMGFkNjE2NDhiMDM7b2JqZWN0SWQ9ZmM0YzgxMGUtOGQxNC00NzY1LThhZjEtMDM3YmE5MzA1NDkwO3N1YnNjcmlwdGlvbklkPWU4MTJhYWZlLWYzMmItNDNiMy1iOGU3LWYwMjBlYjJlMTE5NDt0ZW5hbnRJZD00MGI1NjJlMC0xNGU1LTQ5OTYtYWYwYy1iOGIwZjgzNTcwZDk=",
            "object_id": "fc4c810e-8d14-4765-8af1-037ba9305490",
            "subscription_id": "e812aafe-f32b-43b3-b8e7-f020eb2e1194",
            "tenant_id": "40b562e0-14e5-4996-af0c-b8b0f83570d9",
            "timeouts": null
          },
          "sensitive_attributes": [],
          "identity_schema_version": 0
        }
      ]
    },
    {
      "mode": "managed",
      "type": "azurerm_bot_service_azure_bot",
      "name": "merlin-test-bot",
      "provider": "provider[\"registry.terraform.io/hashicorp/azurerm\"]",
      "instances": [
        {
          "schema_version": 0,
          "attributes": {
            "cmk_key_vault_key_url": "",
            "developer_app_insights_api_key": null,
            "developer_app_insights_application_id": "",
            "developer_app_insights_key": "",
            "display_name": "merlin-test-bot",
            "endpoint": "",
            "icon_url": "https://docs.botframework.com/static/devportal/client/images/bot-framework-default.png",
            "id": "/subscriptions/e812aafe-f32b-43b3-b8e7-f020eb2e1194/resourceGroups/merlin-bot-test/providers/Microsoft.BotService/botServices/merlin-test-bot",
            "local_authentication_enabled": true,
            "location": "global",
            "luis_app_ids": null,
            "luis_key": null,
            "microsoft_app_id": "7d69ea89-5b45-44d0-b48d-30ad61648b03",
            "microsoft_app_msi_id": "",
            "microsoft_app_tenant_id": "40b562e0-14e5-4996-af0c-b8b0f83570d9",
            "microsoft_app_type": "SingleTenant",
            "name": "merlin-test-bot",
            "public_network_access_enabled": true,
            "resource_group_name": "merlin-bot-test",
            "sku": "F0",
            "streaming_endpoint_enabled": false,
            "tags": null,
            "timeouts": null
          },
          "sensitive_attributes": [
            [
              {
                "type": "get_attr",
                "value": "developer_app_insights_api_key"
              }
            ],
            [
              {
                "type": "get_attr",
                "value": "luis_key"
              }
            ]
          ],
          "identity_schema_version": 0,
          "private": "eyJlMmJmYjczMC1lY2FhLTExZTYtOGY4OC0zNDM2M2JjN2M0YzAiOnsiY3JlYXRlIjoxODAwMDAwMDAwMDAwLCJkZWxldGUiOjE4MDAwMDAwMDAwMDAsInJlYWQiOjMwMDAwMDAwMDAwMCwidXBkYXRlIjoxODAwMDAwMDAwMDAwfX0=",
          "dependencies": [
            "azurerm_resource_group.merlin-bot-test",
            "data.azurerm_client_config.current"
          ]
        }
      ]
    },
    {
      "mode": "managed",
      "type": "azurerm_resource_group",
      "name": "merlin-bot-test",
      "provider": "provider[\"registry.terraform.io/hashicorp/azurerm\"]",
      "instances": [
        {
          "schema_version": 0,
          "attributes": {
            "id": "/subscriptions/e812aafe-f32b-43b3-b8e7-f020eb2e1194/resourceGroups/merlin-bot-test",
            "location": "westus",
            "managed_by": "",
            "name": "merlin-bot-test",
            "tags": {},
            "timeouts": null
          },
          "sensitive_attributes": [],
          "identity_schema_version": 0,
          "private": "eyJlMmJmYjczMC1lY2FhLTExZTYtOGY4OC0zNDM2M2JjN2M0YzAiOnsiY3JlYXRlIjo1NDAwMDAwMDAwMDAwLCJkZWxldGUiOjU0MDAwMDAwMDAwMDAsInJlYWQiOjMwMDAwMDAwMDAwMCwidXBkYXRlIjo1NDAwMDAwMDAwMDAwfX0="
        }
      ]
    }
  ],
  "check_results": null
}
